{
  "name": "guestbook",
  "version": "1.0.0",
  "lockfileVersion": 1,
  "requires": true,
  "dependencies": {
    "lightgallery.js": {
      "version": "1.0.3",
      "resolved": "https://registry.npmjs.org/lightgallery.js/-/lightgallery.js-1.0.3.tgz",
      "integrity": "sha1-vncAoWEN0+CDFoT/Ai+msrSDyWg="
    }
  }
}
